
Microsoft Visual Studio Solution File, Format Version 12.00
# Visual Studio 15
VisualStudioVersion = 15.0.28307.902
MinimumVisualStudioVersion = 10.0.40219.1
Project("{FAE04EC0-301F-11D3-BF4B-00C04F79EFBC}") = "WebApplication1", "WebApplication1\WebApplication1.csproj", "{601D5C40-628B-4502-AE68-2066F851EBCD}"
EndProject
Global
	GlobalSection(SolutionConfigurationPlatforms) = preSolution
		Debug|Any CPU = Debug|Any CPU
		Release|Any CPU = Release|Any CPU
	EndGlobalSection
	GlobalSection(ProjectConfigurationPlatforms) = postSolution
		{601D5C40-628B-4502-AE68-2066F851EBCD}.Debug|Any CPU.ActiveCfg = Debug|Any CPU
		{601D5C40-628B-4502-AE68-2066F851EBCD}.Debug|Any CPU.Build.0 = Debug|Any CPU
		{601D5C40-628B-4502-AE68-2066F851EBCD}.Release|Any CPU.ActiveCfg = Release|Any CPU
		{601D5C40-628B-4502-AE68-2066F851EBCD}.Release|Any CPU.Build.0 = Release|Any CPU
	EndGlobalSection
	GlobalSection(SolutionProperties) = preSolution
		HideSolutionNode = FALSE
	EndGlobalSection
	GlobalSection(ExtensibilityGlobals) = postSolution
		SolutionGuid = {3899E18E-765A-4735-83EC-C507E5214DD5}
	EndGlobalSection
EndGlobal
