
Microsoft Visual Studio Solution File, Format Version 12.00
# Visual Studio 15
VisualStudioVersion = 15.0.28307.902
MinimumVisualStudioVersion = 10.0.40219.1
Project("{FAE04EC0-301F-11D3-BF4B-00C04F79EFBC}") = "API_QM", "API_QM\API_QM.csproj", "{47203006-4D11-434C-BE63-CCF48635C9FB}"
EndProject
Global
	GlobalSection(SolutionConfigurationPlatforms) = preSolution
		Debug|Any CPU = Debug|Any CPU
		Release|Any CPU = Release|Any CPU
	EndGlobalSection
	GlobalSection(ProjectConfigurationPlatforms) = postSolution
		{47203006-4D11-434C-BE63-CCF48635C9FB}.Debug|Any CPU.ActiveCfg = Debug|Any CPU
		{47203006-4D11-434C-BE63-CCF48635C9FB}.Debug|Any CPU.Build.0 = Debug|Any CPU
		{47203006-4D11-434C-BE63-CCF48635C9FB}.Release|Any CPU.ActiveCfg = Release|Any CPU
		{47203006-4D11-434C-BE63-CCF48635C9FB}.Release|Any CPU.Build.0 = Release|Any CPU
	EndGlobalSection
	GlobalSection(SolutionProperties) = preSolution
		HideSolutionNode = FALSE
	EndGlobalSection
	GlobalSection(ExtensibilityGlobals) = postSolution
		SolutionGuid = {4EF385DD-DCEE-478C-9212-DF57790BE326}
	EndGlobalSection
EndGlobal
